
Microsoft Visual Studio Solution File, Format Version 12.00
# Visual Studio Version 16
VisualStudioVersion = 16.0.30523.141
MinimumVisualStudioVersion = 10.0.40219.1
Project("{8BC9CEB8-8B4A-11D0-8D11-00A0C91BC942}") = "Sandbox", "Sandbox\Sandbox.vcxproj", "{DEE629D2-F52F-460A-BCC7-24202515059C}"
	ProjectSection(ProjectDependencies) = postProject
		{954ACD47-3343-4533-B879-DF910880DCE2} = {954ACD47-3343-4533-B879-DF910880DCE2}
	EndProjectSection
EndProject
Project("{8BC9CEB8-8B4A-11D0-8D11-00A0C91BC942}") = "Neon", "Neon\Neon.vcxproj", "{954ACD47-3343-4533-B879-DF910880DCE2}"
EndProject
Global
	GlobalSection(SolutionConfigurationPlatforms) = preSolution
		Debug|x64 = Debug|x64
		Release|x64 = Release|x64
	EndGlobalSection
	GlobalSection(ProjectConfigurationPlatforms) = postSolution
		{DEE629D2-F52F-460A-BCC7-24202515059C}.Debug|x64.ActiveCfg = Debug|x64
		{DEE629D2-F52F-460A-BCC7-24202515059C}.Debug|x64.Build.0 = Debug|x64
		{DEE629D2-F52F-460A-BCC7-24202515059C}.Release|x64.ActiveCfg = Release|x64
		{DEE629D2-F52F-460A-BCC7-24202515059C}.Release|x64.Build.0 = Release|x64
		{954ACD47-3343-4533-B879-DF910880DCE2}.Debug|x64.ActiveCfg = Debug|x64
		{954ACD47-3343-4533-B879-DF910880DCE2}.Debug|x64.Build.0 = Debug|x64
		{954ACD47-3343-4533-B879-DF910880DCE2}.Release|x64.ActiveCfg = Release|x64
		{954ACD47-3343-4533-B879-DF910880DCE2}.Release|x64.Build.0 = Release|x64
	EndGlobalSection
	GlobalSection(SolutionProperties) = preSolution
		HideSolutionNode = FALSE
	EndGlobalSection
	GlobalSection(ExtensibilityGlobals) = postSolution
		SolutionGuid = {55C147F8-02F4-45CA-98C0-758A0E7802DD}
	EndGlobalSection
EndGlobal
