<?xml version="1.0" encoding="utf-8"?>
<Project ToolsVersion="4.0" xmlns="http://schemas.microsoft.com/developer/msbuild/2003">
  <ItemGroup>
    <Filter Include="Neon">
      <UniqueIdentifier>{7591897C-61C8-8A0D-0AB5-7010F6CA060F}</UniqueIdentifier>
    </Filter>
    <Filter Include="Neon\Core">
      <UniqueIdentifier>{EDE6900A-5951-4581-A28F-F6260E3923D6}</UniqueIdentifier>
    </Filter>
    <Filter Include="Neon\Core\Event">
      <UniqueIdentifier>{FE25953F-6AB1-0204-73C2-85F8DFCC5E04}</UniqueIdentifier>
    </Filter>
    <Filter Include="Neon\ImGui">
      <UniqueIdentifier>{5F8A185D-4B42-5AAA-B449-3306A020F59A}</UniqueIdentifier>
    </Filter>
    <Filter Include="Neon\Platform">
      <UniqueIdentifier>{69415F17-D501-DB4D-9E3C-24CB0ABC1F2A}</UniqueIdentifier>
    </Filter>
    <Filter Include="Neon\Platform\Vulkan">
      <UniqueIdentifier>{C97E9BC7-B50D-2591-5E2C-398C4A9A3537}</UniqueIdentifier>
    </Filter>
    <Filter Include="Neon\Platform\Windows">
      <UniqueIdentifier>{A34428EC-0FB1-E3E6-D8A4-7B4444D0054F}</UniqueIdentifier>
    </Filter>
    <Filter Include="Neon\Renderer">
      <UniqueIdentifier>{BB483CF2-2709-B828-F043-01A65CC3FC04}</UniqueIdentifier>
    </Filter>
    <Filter Include="Neon\Scene">
      <UniqueIdentifier>{5282C85D-3E3A-0AAB-A741-E3069318A59B}</UniqueIdentifier>
    </Filter>
    <Filter Include="Neon\Tools">
      <UniqueIdentifier>{B559E15D-A111-23AB-0A19-FC06F6EFBD9B}</UniqueIdentifier>
    </Filter>
  </ItemGroup>
  <ItemGroup>
    <ClInclude Include="src\Neon.h" />
    <ClInclude Include="src\Neon\Core\Application.h">
      <Filter>Neon\Core</Filter>
    </ClInclude>
    <ClInclude Include="src\Neon\Core\Assert.h">
      <Filter>Neon\Core</Filter>
    </ClInclude>
    <ClInclude Include="src\Neon\Core\Core.h">
      <Filter>Neon\Core</Filter>
    </ClInclude>
    <ClInclude Include="src\Neon\Core\EntryPoint.h">
      <Filter>Neon\Core</Filter>
    </ClInclude>
    <ClInclude Include="src\Neon\Core\Event\ApplicationEvent.h">
      <Filter>Neon\Core\Event</Filter>
    </ClInclude>
    <ClInclude Include="src\Neon\Core\Event\Event.h">
      <Filter>Neon\Core\Event</Filter>
    </ClInclude>
    <ClInclude Include="src\Neon\Core\Event\KeyEvent.h">
      <Filter>Neon\Core\Event</Filter>
    </ClInclude>
    <ClInclude Include="src\Neon\Core\Event\MouseEvent.h">
      <Filter>Neon\Core\Event</Filter>
    </ClInclude>
    <ClInclude Include="src\Neon\Core\Input.h">
      <Filter>Neon\Core</Filter>
    </ClInclude>
    <ClInclude Include="src\Neon\Core\Layer.h">
      <Filter>Neon\Core</Filter>
    </ClInclude>
    <ClInclude Include="src\Neon\Core\LayerStack.h">
      <Filter>Neon\Core</Filter>
    </ClInclude>
    <ClInclude Include="src\Neon\Core\Log.h">
      <Filter>Neon\Core</Filter>
    </ClInclude>
    <ClInclude Include="src\Neon\Core\SharedRef.h">
      <Filter>Neon\Core</Filter>
    </ClInclude>
    <ClInclude Include="src\Neon\Core\Window.h">
      <Filter>Neon\Core</Filter>
    </ClInclude>
    <ClInclude Include="src\Neon\ImGui\ImGuiLayer.h">
      <Filter>Neon\ImGui</Filter>
    </ClInclude>
    <ClInclude Include="src\Neon\Platform\Vulkan\Vulkan.h">
      <Filter>Neon\Platform\Vulkan</Filter>
    </ClInclude>
    <ClInclude Include="src\Neon\Platform\Vulkan\VulkanAllocator.h">
      <Filter>Neon\Platform\Vulkan</Filter>
    </ClInclude>
    <ClInclude Include="src\Neon\Platform\Vulkan\VulkanContext.h">
      <Filter>Neon\Platform\Vulkan</Filter>
    </ClInclude>
    <ClInclude Include="src\Neon\Platform\Vulkan\VulkanDevice.h">
      <Filter>Neon\Platform\Vulkan</Filter>
    </ClInclude>
    <ClInclude Include="src\Neon\Platform\Vulkan\VulkanFramebuffer.h">
      <Filter>Neon\Platform\Vulkan</Filter>
    </ClInclude>
    <ClInclude Include="src\Neon\Platform\Vulkan\VulkanImGuiLayer.h">
      <Filter>Neon\Platform\Vulkan</Filter>
    </ClInclude>
    <ClInclude Include="src\Neon\Platform\Vulkan\VulkanIndexBuffer.h">
      <Filter>Neon\Platform\Vulkan</Filter>
    </ClInclude>
    <ClInclude Include="src\Neon\Platform\Vulkan\VulkanPipeline.h">
      <Filter>Neon\Platform\Vulkan</Filter>
    </ClInclude>
    <ClInclude Include="src\Neon\Platform\Vulkan\VulkanRenderPass.h">
      <Filter>Neon\Platform\Vulkan</Filter>
    </ClInclude>
    <ClInclude Include="src\Neon\Platform\Vulkan\VulkanRendererAPI.h">
      <Filter>Neon\Platform\Vulkan</Filter>
    </ClInclude>
    <ClInclude Include="src\Neon\Platform\Vulkan\VulkanShader.h">
      <Filter>Neon\Platform\Vulkan</Filter>
    </ClInclude>
    <ClInclude Include="src\Neon\Platform\Vulkan\VulkanSwapChain.h">
      <Filter>Neon\Platform\Vulkan</Filter>
    </ClInclude>
    <ClInclude Include="src\Neon\Platform\Vulkan\VulkanVertexBuffer.h">
      <Filter>Neon\Platform\Vulkan</Filter>
    </ClInclude>
    <ClInclude Include="src\Neon\Platform\Windows\WindowsWindow.h">
      <Filter>Neon\Platform\Windows</Filter>
    </ClInclude>
    <ClInclude Include="src\Neon\Renderer\Framebuffer.h">
      <Filter>Neon\Renderer</Filter>
    </ClInclude>
    <ClInclude Include="src\Neon\Renderer\IndexBuffer.h">
      <Filter>Neon\Renderer</Filter>
    </ClInclude>
    <ClInclude Include="src\Neon\Renderer\Mesh.h">
      <Filter>Neon\Renderer</Filter>
    </ClInclude>
    <ClInclude Include="src\Neon\Renderer\PerspectiveCamera.h">
      <Filter>Neon\Renderer</Filter>
    </ClInclude>
    <ClInclude Include="src\Neon\Renderer\PerspectiveCameraController.h">
      <Filter>Neon\Renderer</Filter>
    </ClInclude>
    <ClInclude Include="src\Neon\Renderer\Pipeline.h">
      <Filter>Neon\Renderer</Filter>
    </ClInclude>
    <ClInclude Include="src\Neon\Renderer\RenderPass.h">
      <Filter>Neon\Renderer</Filter>
    </ClInclude>
    <ClInclude Include="src\Neon\Renderer\Renderer.h">
      <Filter>Neon\Renderer</Filter>
    </ClInclude>
    <ClInclude Include="src\Neon\Renderer\RendererAPI.h">
      <Filter>Neon\Renderer</Filter>
    </ClInclude>
    <ClInclude Include="src\Neon\Renderer\RendererContext.h">
      <Filter>Neon\Renderer</Filter>
    </ClInclude>
    <ClInclude Include="src\Neon\Renderer\Shader.h">
      <Filter>Neon\Renderer</Filter>
    </ClInclude>
    <ClInclude Include="src\Neon\Renderer\VertexBuffer.h">
      <Filter>Neon\Renderer</Filter>
    </ClInclude>
    <ClInclude Include="src\Neon\Tools\FileTools.h">
      <Filter>Neon\Tools</Filter>
    </ClInclude>
    <ClInclude Include="src\neopch.h" />
  </ItemGroup>
  <ItemGroup>
    <ClCompile Include="src\Neon\Core\Application.cpp">
      <Filter>Neon\Core</Filter>
    </ClCompile>
    <ClCompile Include="src\Neon\Core\Core.cpp">
      <Filter>Neon\Core</Filter>
    </ClCompile>
    <ClCompile Include="src\Neon\Core\LayerStack.cpp">
      <Filter>Neon\Core</Filter>
    </ClCompile>
    <ClCompile Include="src\Neon\Core\Log.cpp">
      <Filter>Neon\Core</Filter>
    </ClCompile>
    <ClCompile Include="src\Neon\Core\Window.cpp">
      <Filter>Neon\Core</Filter>
    </ClCompile>
    <ClCompile Include="src\Neon\ImGui\ImGuiBuild.cpp">
      <Filter>Neon\ImGui</Filter>
    </ClCompile>
    <ClCompile Include="src\Neon\ImGui\ImGuiLayer.cpp">
      <Filter>Neon\ImGui</Filter>
    </ClCompile>
    <ClCompile Include="src\Neon\Platform\Vulkan\VulkanAllocator.cpp">
      <Filter>Neon\Platform\Vulkan</Filter>
    </ClCompile>
    <ClCompile Include="src\Neon\Platform\Vulkan\VulkanContext.cpp">
      <Filter>Neon\Platform\Vulkan</Filter>
    </ClCompile>
    <ClCompile Include="src\Neon\Platform\Vulkan\VulkanDevice.cpp">
      <Filter>Neon\Platform\Vulkan</Filter>
    </ClCompile>
    <ClCompile Include="src\Neon\Platform\Vulkan\VulkanFramebuffer.cpp">
      <Filter>Neon\Platform\Vulkan</Filter>
    </ClCompile>
    <ClCompile Include="src\Neon\Platform\Vulkan\VulkanImGuiLayer.cpp">
      <Filter>Neon\Platform\Vulkan</Filter>
    </ClCompile>
    <ClCompile Include="src\Neon\Platform\Vulkan\VulkanIndexBuffer.cpp">
      <Filter>Neon\Platform\Vulkan</Filter>
    </ClCompile>
    <ClCompile Include="src\Neon\Platform\Vulkan\VulkanPipeline.cpp">
      <Filter>Neon\Platform\Vulkan</Filter>
    </ClCompile>
    <ClCompile Include="src\Neon\Platform\Vulkan\VulkanRenderPass.cpp">
      <Filter>Neon\Platform\Vulkan</Filter>
    </ClCompile>
    <ClCompile Include="src\Neon\Platform\Vulkan\VulkanRendererAPI.cpp">
      <Filter>Neon\Platform\Vulkan</Filter>
    </ClCompile>
    <ClCompile Include="src\Neon\Platform\Vulkan\VulkanShader.cpp">
      <Filter>Neon\Platform\Vulkan</Filter>
    </ClCompile>
    <ClCompile Include="src\Neon\Platform\Vulkan\VulkanSwapChain.cpp">
      <Filter>Neon\Platform\Vulkan</Filter>
    </ClCompile>
    <ClCompile Include="src\Neon\Platform\Vulkan\VulkanVertexBuffer.cpp">
      <Filter>Neon\Platform\Vulkan</Filter>
    </ClCompile>
    <ClCompile Include="src\Neon\Platform\Windows\WindowsInput.cpp">
      <Filter>Neon\Platform\Windows</Filter>
    </ClCompile>
    <ClCompile Include="src\Neon\Platform\Windows\WindowsWindow.cpp">
      <Filter>Neon\Platform\Windows</Filter>
    </ClCompile>
    <ClCompile Include="src\Neon\Renderer\Framebuffer.cpp">
      <Filter>Neon\Renderer</Filter>
    </ClCompile>
    <ClCompile Include="src\Neon\Renderer\IndexBuffer.cpp">
      <Filter>Neon\Renderer</Filter>
    </ClCompile>
    <ClCompile Include="src\Neon\Renderer\Mesh.cpp">
      <Filter>Neon\Renderer</Filter>
    </ClCompile>
    <ClCompile Include="src\Neon\Renderer\PerspectiveCamera.cpp">
      <Filter>Neon\Renderer</Filter>
    </ClCompile>
    <ClCompile Include="src\Neon\Renderer\PerspectiveCameraController.cpp">
      <Filter>Neon\Renderer</Filter>
    </ClCompile>
    <ClCompile Include="src\Neon\Renderer\Pipeline.cpp">
      <Filter>Neon\Renderer</Filter>
    </ClCompile>
    <ClCompile Include="src\Neon\Renderer\RenderPass.cpp">
      <Filter>Neon\Renderer</Filter>
    </ClCompile>
    <ClCompile Include="src\Neon\Renderer\Renderer.cpp">
      <Filter>Neon\Renderer</Filter>
    </ClCompile>
    <ClCompile Include="src\Neon\Renderer\RendererAPI.cpp">
      <Filter>Neon\Renderer</Filter>
    </ClCompile>
    <ClCompile Include="src\Neon\Renderer\RendererContext.cpp">
      <Filter>Neon\Renderer</Filter>
    </ClCompile>
    <ClCompile Include="src\Neon\Renderer\Shader.cpp">
      <Filter>Neon\Renderer</Filter>
    </ClCompile>
    <ClCompile Include="src\Neon\Renderer\VertexBuffer.cpp">
      <Filter>Neon\Renderer</Filter>
    </ClCompile>
    <ClCompile Include="src\Neon\Tools\FileTools.cpp">
      <Filter>Neon\Tools</Filter>
    </ClCompile>
    <ClCompile Include="src\neopch.cpp" />
  </ItemGroup>
</Project>